// !$*UTF8*$!
{
	archiveVersion = 1;
	classes = {
	};
	objectVersion = 48;
	objects = {

/* Begin PBXBuildFile section */
		B233157F1FBDB4DA00FBFA95 /* AppDelegate.swift in Sources */ = {isa = PBXBuildFile; fileRef = B233157E1FBDB4DA00FBFA95 /* AppDelegate.swift */; };
		B23315811FBDB4DA00FBFA95 /* ViewController.swift in Sources */ = {isa = PBXBuildFile; fileRef = B23315801FBDB4DA00FBFA95 /* ViewController.swift */; };
		B23315841FBDB4DA00FBFA95 /* Main.storyboard in Resources */ = {isa = PBXBuildFile; fileRef = B23315821FBDB4DA00FBFA95 /* Main.storyboard */; };
		B23315861FBDB4DA00FBFA95 /* Assets.xcassets in Resources */ = {isa = PBXBuildFile; fileRef = B23315851FBDB4DA00FBFA95 /* Assets.xcassets */; };
		B23315891FBDB4DA00FBFA95 /* LaunchScreen.storyboard in Resources */ = {isa = PBXBuildFile; fileRef = B23315871FBDB4DA00FBFA95 /* LaunchScreen.storyboard */; };
		B23315941FBDB4DA00FBFA95 /* AmusementParkPassGeneratorTests.swift in Sources */ = {isa = PBXBuildFile; fileRef = B23315931FBDB4DA00FBFA95 /* AmusementParkPassGeneratorTests.swift */; };
		B233159F1FBDB4DA00FBFA95 /* AmusementParkPassGeneratorUITests.swift in Sources */ = {isa = PBXBuildFile; fileRef = B233159E1FBDB4DA00FBFA95 /* AmusementParkPassGeneratorUITests.swift */; };
		B23315AD1FBDB4F100FBFA95 /* InputError.swift in Sources */ = {isa = PBXBuildFile; fileRef = B23315AC1FBDB4F100FBFA95 /* InputError.swift */; };
		B23315AF1FBDB6AE00FBFA95 /* AreaAccess.swift in Sources */ = {isa = PBXBuildFile; fileRef = B23315AE1FBDB6AE00FBFA95 /* AreaAccess.swift */; };
		B23315B11FBDB73600FBFA95 /* QueueAccess.swift in Sources */ = {isa = PBXBuildFile; fileRef = B23315B01FBDB73600FBFA95 /* QueueAccess.swift */; };
		B23315B31FBDBADA00FBFA95 /* DiscountAccess.swift in Sources */ = {isa = PBXBuildFile; fileRef = B23315B21FBDBADA00FBFA95 /* DiscountAccess.swift */; };
		B23315B51FBDBB1000FBFA95 /* PersonalInformationRequired.swift in Sources */ = {isa = PBXBuildFile; fileRef = B23315B41FBDBB1000FBFA95 /* PersonalInformationRequired.swift */; };
		B23315B71FBDBC3B00FBFA95 /* Guest.swift in Sources */ = {isa = PBXBuildFile; fileRef = B23315B61FBDBC3B00FBFA95 /* Guest.swift */; };
		B23315B91FBDBE7300FBFA95 /* DateFormatter.swift in Sources */ = {isa = PBXBuildFile; fileRef = B23315B81FBDBE7300FBFA95 /* DateFormatter.swift */; };
		B23315BB1FBDBFF700FBFA95 /* TestCases.swift in Sources */ = {isa = PBXBuildFile; fileRef = B23315BA1FBDBFF700FBFA95 /* TestCases.swift */; };
/* End PBXBuildFile section */

/* Begin PBXContainerItemProxy section */
		B23315901FBDB4DA00FBFA95 /* PBXContainerItemProxy */ = {
			isa = PBXContainerItemProxy;
			containerPortal = B23315731FBDB4DA00FBFA95 /* Project object */;
			proxyType = 1;
			remoteGlobalIDString = B233157A1FBDB4DA00FBFA95;
			remoteInfo = AmusementParkPassGenerator;
		};
		B233159B1FBDB4DA00FBFA95 /* PBXContainerItemProxy */ = {
			isa = PBXContainerItemProxy;
			containerPortal = B23315731FBDB4DA00FBFA95 /* Project object */;
			proxyType = 1;
			remoteGlobalIDString = B233157A1FBDB4DA00FBFA95;
			remoteInfo = AmusementParkPassGenerator;
		};
/* End PBXContainerItemProxy section */

/* Begin PBXFileReference section */
		B233157B1FBDB4DA00FBFA95 /* AmusementParkPassGenerator.app */ = {isa = PBXFileReference; explicitFileType = wrapper.application; includeInIndex = 0; path = AmusementParkPassGenerator.app; sourceTree = BUILT_PRODUCTS_DIR; };
		B233157E1FBDB4DA00FBFA95 /* AppDelegate.swift */ = {isa = PBXFileReference; lastKnownFileType = sourcecode.swift; path = AppDelegate.swift; sourceTree = "<group>"; };
		B23315801FBDB4DA00FBFA95 /* ViewController.swift */ = {isa = PBXFileReference; lastKnownFileType = sourcecode.swift; path = ViewController.swift; sourceTree = "<group>"; };
		B23315831FBDB4DA00FBFA95 /* Base */ = {isa = PBXFileReference; lastKnownFileType = file.storyboard; name = Base; path = Base.lproj/Main.storyboard; sourceTree = "<group>"; };
		B23315851FBDB4DA00FBFA95 /* Assets.xcassets */ = {isa = PBXFileReference; lastKnownFileType = folder.assetcatalog; path = Assets.xcassets; sourceTree = "<group>"; };
		B23315881FBDB4DA00FBFA95 /* Base */ = {isa = PBXFileReference; lastKnownFileType = file.storyboard; name = Base; path = Base.lproj/LaunchScreen.storyboard; sourceTree = "<group>"; };
		B233158A1FBDB4DA00FBFA95 /* Info.plist */ = {isa = PBXFileReference; lastKnownFileType = text.plist.xml; path = Info.plist; sourceTree = "<group>"; };
		B233158F1FBDB4DA00FBFA95 /* AmusementParkPassGeneratorTests.xctest */ = {isa = PBXFileReference; explicitFileType = wrapper.cfbundle; includeInIndex = 0; path = AmusementParkPassGeneratorTests.xctest; sourceTree = BUILT_PRODUCTS_DIR; };
		B23315931FBDB4DA00FBFA95 /* AmusementParkPassGeneratorTests.swift */ = {isa = PBXFileReference; lastKnownFileType = sourcecode.swift; path = AmusementParkPassGeneratorTests.swift; sourceTree = "<group>"; };
		B23315951FBDB4DA00FBFA95 /* Info.plist */ = {isa = PBXFileReference; lastKnownFileType = text.plist.xml; path = Info.plist; sourceTree = "<group>"; };
		B233159A1FBDB4DA00FBFA95 /* AmusementParkPassGeneratorUITests.xctest */ = {isa = PBXFileReference; explicitFileType = wrapper.cfbundle; includeInIndex = 0; path = AmusementParkPassGeneratorUITests.xctest; sourceTree = BUILT_PRODUCTS_DIR; };
		B233159E1FBDB4DA00FBFA95 /* AmusementParkPassGeneratorUITests.swift */ = {isa = PBXFileReference; lastKnownFileType = sourcecode.swift; path = AmusementParkPassGeneratorUITests.swift; sourceTree = "<group>"; };
		B23315A01FBDB4DA00FBFA95 /* Info.plist */ = {isa = PBXFileReference; lastKnownFileType = text.plist.xml; path = Info.plist; sourceTree = "<group>"; };
		B23315AC1FBDB4F100FBFA95 /* InputError.swift */ = {isa = PBXFileReference; lastKnownFileType = sourcecode.swift; path = InputError.swift; sourceTree = "<group>"; };
		B23315AE1FBDB6AE00FBFA95 /* AreaAccess.swift */ = {isa = PBXFileReference; lastKnownFileType = sourcecode.swift; path = AreaAccess.swift; sourceTree = "<group>"; };
		B23315B01FBDB73600FBFA95 /* QueueAccess.swift */ = {isa = PBXFileReference; lastKnownFileType = sourcecode.swift; path = QueueAccess.swift; sourceTree = "<group>"; };
		B23315B21FBDBADA00FBFA95 /* DiscountAccess.swift */ = {isa = PBXFileReference; lastKnownFileType = sourcecode.swift; path = DiscountAccess.swift; sourceTree = "<group>"; };
		B23315B41FBDBB1000FBFA95 /* PersonalInformationRequired.swift */ = {isa = PBXFileReference; lastKnownFileType = sourcecode.swift; path = PersonalInformationRequired.swift; sourceTree = "<group>"; };
		B23315B61FBDBC3B00FBFA95 /* Guest.swift */ = {isa = PBXFileReference; lastKnownFileType = sourcecode.swift; path = Guest.swift; sourceTree = "<group>"; };
		B23315B81FBDBE7300FBFA95 /* DateFormatter.swift */ = {isa = PBXFileReference; lastKnownFileType = sourcecode.swift; path = DateFormatter.swift; sourceTree = "<group>"; };
		B23315BA1FBDBFF700FBFA95 /* TestCases.swift */ = {isa = PBXFileReference; lastKnownFileType = sourcecode.swift; path = TestCases.swift; sourceTree = "<group>"; };
/* End PBXFileReference section */

/* Begin PBXFrameworksBuildPhase section */
		B23315781FBDB4DA00FBFA95 /* Frameworks */ = {
			isa = PBXFrameworksBuildPhase;
			buildActionMask = 2147483647;
			files = (
			);
			runOnlyForDeploymentPostprocessing = 0;
		};
		B233158C1FBDB4DA00FBFA95 /* Frameworks */ = {
			isa = PBXFrameworksBuildPhase;
			buildActionMask = 2147483647;
			files = (
			);
			runOnlyForDeploymentPostprocessing = 0;
		};
		B23315971FBDB4DA00FBFA95 /* Frameworks */ = {
			isa = PBXFrameworksBuildPhase;
			buildActionMask = 2147483647;
			files = (
			);
			runOnlyForDeploymentPostprocessing = 0;
		};
/* End PBXFrameworksBuildPhase section */

/* Begin PBXGroup section */
		B23315721FBDB4DA00FBFA95 = {
			isa = PBXGroup;
			children = (
				B23315AC1FBDB4F100FBFA95 /* InputError.swift */,
				B23315AE1FBDB6AE00FBFA95 /* AreaAccess.swift */,
				B23315B01FBDB73600FBFA95 /* QueueAccess.swift */,
				B23315B21FBDBADA00FBFA95 /* DiscountAccess.swift */,
				B23315B61FBDBC3B00FBFA95 /* Guest.swift */,
				B23315BA1FBDBFF700FBFA95 /* TestCases.swift */,
				B23315B81FBDBE7300FBFA95 /* DateFormatter.swift */,
				B23315B41FBDBB1000FBFA95 /* PersonalInformationRequired.swift */,
				B233157D1FBDB4DA00FBFA95 /* AmusementParkPassGenerator */,
				B23315921FBDB4DA00FBFA95 /* AmusementParkPassGeneratorTests */,
				B233159D1FBDB4DA00FBFA95 /* AmusementParkPassGeneratorUITests */,
				B233157C1FBDB4DA00FBFA95 /* Products */,
			);
			sourceTree = "<group>";
		};
		B233157C1FBDB4DA00FBFA95 /* Products */ = {
			isa = PBXGroup;
			children = (
				B233157B1FBDB4DA00FBFA95 /* AmusementParkPassGenerator.app */,
				B233158F1FBDB4DA00FBFA95 /* AmusementParkPassGeneratorTests.xctest */,
				B233159A1FBDB4DA00FBFA95 /* AmusementParkPassGeneratorUITests.xctest */,
			);
			name = Products;
			sourceTree = "<group>";
		};
		B233157D1FBDB4DA00FBFA95 /* AmusementParkPassGenerator */ = {
			isa = PBXGroup;
			children = (
				B233157E1FBDB4DA00FBFA95 /* AppDelegate.swift */,
				B23315801FBDB4DA00FBFA95 /* ViewController.swift */,
				B23315821FBDB4DA00FBFA95 /* Main.storyboard */,
				B23315851FBDB4DA00FBFA95 /* Assets.xcassets */,
				B23315871FBDB4DA00FBFA95 /* LaunchScreen.storyboard */,
				B233158A1FBDB4DA00FBFA95 /* Info.plist */,
			);
			path = AmusementParkPassGenerator;
			sourceTree = "<group>";
		};
		B23315921FBDB4DA00FBFA95 /* AmusementParkPassGeneratorTests */ = {
			isa = PBXGroup;
			children = (
				B23315931FBDB4DA00FBFA95 /* AmusementParkPassGeneratorTests.swift */,
				B23315951FBDB4DA00FBFA95 /* Info.plist */,
			);
			path = AmusementParkPassGeneratorTests;
			sourceTree = "<group>";
		};
		B233159D1FBDB4DA00FBFA95 /* AmusementParkPassGeneratorUITests */ = {
			isa = PBXGroup;
			children = (
				B233159E1FBDB4DA00FBFA95 /* AmusementParkPassGeneratorUITests.swift */,
				B23315A01FBDB4DA00FBFA95 /* Info.plist */,
			);
			path = AmusementParkPassGeneratorUITests;
			sourceTree = "<group>";
		};
/* End PBXGroup section */

/* Begin PBXNativeTarget section */
		B233157A1FBDB4DA00FBFA95 /* AmusementParkPassGenerator */ = {
			isa = PBXNativeTarget;
			buildConfigurationList = B23315A31FBDB4DA00FBFA95 /* Build configuration list for PBXNativeTarget "AmusementParkPassGenerator" */;
			buildPhases = (
				B23315771FBDB4DA00FBFA95 /* Sources */,
				B23315781FBDB4DA00FBFA95 /* Frameworks */,
				B23315791FBDB4DA00FBFA95 /* Resources */,
			);
			buildRules = (
			);
			dependencies = (
			);
			name = AmusementParkPassGenerator;
			productName = AmusementParkPassGenerator;
			productReference = B233157B1FBDB4DA00FBFA95 /* AmusementParkPassGenerator.app */;
			productType = "com.apple.product-type.application";
		};
		B233158E1FBDB4DA00FBFA95 /* AmusementParkPassGeneratorTests */ = {
			isa = PBXNativeTarget;
			buildConfigurationList = B23315A61FBDB4DA00FBFA95 /* Build configuration list for PBXNativeTarget "AmusementParkPassGeneratorTests" */;
			buildPhases = (
				B233158B1FBDB4DA00FBFA95 /* Sources */,
				B233158C1FBDB4DA00FBFA95 /* Frameworks */,
				B233158D1FBDB4DA00FBFA95 /* Resources */,
			);
			buildRules = (
			);
			dependencies = (
				B23315911FBDB4DA00FBFA95 /* PBXTargetDependency */,
			);
			name = AmusementParkPassGeneratorTests;
			productName = AmusementParkPassGeneratorTests;
			productReference = B233158F1FBDB4DA00FBFA95 /* AmusementParkPassGeneratorTests.xctest */;
			productType = "com.apple.product-type.bundle.unit-test";
		};
		B23315991FBDB4DA00FBFA95 /* AmusementParkPassGeneratorUITests */ = {
			isa = PBXNativeTarget;
			buildConfigurationList = B23315A91FBDB4DA00FBFA95 /* Build configuration list for PBXNativeTarget "AmusementParkPassGeneratorUITests" */;
			buildPhases = (
				B23315961FBDB4DA00FBFA95 /* Sources */,
				B23315971FBDB4DA00FBFA95 /* Frameworks */,
				B23315981FBDB4DA00FBFA95 /* Resources */,
			);
			buildRules = (
			);
			dependencies = (
				B233159C1FBDB4DA00FBFA95 /* PBXTargetDependency */,
			);
			name = AmusementParkPassGeneratorUITests;
			productName = AmusementParkPassGeneratorUITests;
			productReference = B233159A1FBDB4DA00FBFA95 /* AmusementParkPassGeneratorUITests.xctest */;
			productType = "com.apple.product-type.bundle.ui-testing";
		};
/* End PBXNativeTarget section */

/* Begin PBXProject section */
		B23315731FBDB4DA00FBFA95 /* Project object */ = {
			isa = PBXProject;
			attributes = {
				LastSwiftUpdateCheck = 0910;
				LastUpgradeCheck = 0910;
				ORGANIZATIONNAME = "Michael Jones";
				TargetAttributes = {
					B233157A1FBDB4DA00FBFA95 = {
						CreatedOnToolsVersion = 9.1;
						ProvisioningStyle = Automatic;
					};
					B233158E1FBDB4DA00FBFA95 = {
						CreatedOnToolsVersion = 9.1;
						ProvisioningStyle = Automatic;
						TestTargetID = B233157A1FBDB4DA00FBFA95;
					};
					B23315991FBDB4DA00FBFA95 = {
						CreatedOnToolsVersion = 9.1;
						ProvisioningStyle = Automatic;
						TestTargetID = B233157A1FBDB4DA00FBFA95;
					};
				};
			};
			buildConfigurationList = B23315761FBDB4DA00FBFA95 /* Build configuration list for PBXProject "AmusementParkPassGenerator" */;
			compatibilityVersion = "Xcode 8.0";
			developmentRegion = en;
			hasScannedForEncodings = 0;
			knownRegions = (
				en,
				Base,
			);
			mainGroup = B23315721FBDB4DA00FBFA95;
			productRefGroup = B233157C1FBDB4DA00FBFA95 /* Products */;
			projectDirPath = "";
			projectRoot = "";
			targets = (
				B233157A1FBDB4DA00FBFA95 /* AmusementParkPassGenerator */,
				B233158E1FBDB4DA00FBFA95 /* AmusementParkPassGeneratorTests */,
				B23315991FBDB4DA00FBFA95 /* AmusementParkPassGeneratorUITests */,
			);
		};
/* End PBXProject section */

/* Begin PBXResourcesBuildPhase section */
		B23315791FBDB4DA00FBFA95 /* Resources */ = {
			isa = PBXResourcesBuildPhase;
			buildActionMask = 2147483647;
			files = (
				B23315891FBDB4DA00FBFA95 /* LaunchScreen.storyboard in Resources */,
				B23315861FBDB4DA00FBFA95 /* Assets.xcassets in Resources */,
				B23315841FBDB4DA00FBFA95 /* Main.storyboard in Resources */,
			);
			runOnlyForDeploymentPostprocessing = 0;
		};
		B233158D1FBDB4DA00FBFA95 /* Resources */ = {
			isa = PBXResourcesBuildPhase;
			buildActionMask = 2147483647;
			files = (
			);
			runOnlyForDeploymentPostprocessing = 0;
		};
		B23315981FBDB4DA00FBFA95 /* Resources */ = {
			isa = PBXResourcesBuildPhase;
			buildActionMask = 2147483647;
			files = (
			);
			runOnlyForDeploymentPostprocessing = 0;
		};
/* End PBXResourcesBuildPhase section */

/* Begin PBXSourcesBuildPhase section */
		B23315771FBDB4DA00FBFA95 /* Sources */ = {
			isa = PBXSourcesBuildPhase;
			buildActionMask = 2147483647;
			files = (
				B23315B91FBDBE7300FBFA95 /* DateFormatter.swift in Sources */,
				B23315BB1FBDBFF700FBFA95 /* TestCases.swift in Sources */,
				B23315B31FBDBADA00FBFA95 /* DiscountAccess.swift in Sources */,
				B23315811FBDB4DA00FBFA95 /* ViewController.swift in Sources */,
				B23315B51FBDBB1000FBFA95 /* PersonalInformationRequired.swift in Sources */,
				B23315B11FBDB73600FBFA95 /* QueueAccess.swift in Sources */,
				B23315AD1FBDB4F100FBFA95 /* InputError.swift in Sources */,
				B23315AF1FBDB6AE00FBFA95 /* AreaAccess.swift in Sources */,
				B23315B71FBDBC3B00FBFA95 /* Guest.swift in Sources */,
				B233157F1FBDB4DA00FBFA95 /* AppDelegate.swift in Sources */,
			);
			runOnlyForDeploymentPostprocessing = 0;
		};
		B233158B1FBDB4DA00FBFA95 /* Sources */ = {
			isa = PBXSourcesBuildPhase;
			buildActionMask = 2147483647;
			files = (
				B23315941FBDB4DA00FBFA95 /* AmusementParkPassGeneratorTests.swift in Sources */,
			);
			runOnlyForDeploymentPostprocessing = 0;
		};
		B23315961FBDB4DA00FBFA95 /* Sources */ = {
			isa = PBXSourcesBuildPhase;
			buildActionMask = 2147483647;
			files = (
				B233159F1FBDB4DA00FBFA95 /* AmusementParkPassGeneratorUITests.swift in Sources */,
			);
			runOnlyForDeploymentPostprocessing = 0;
		};
/* End PBXSourcesBuildPhase section */

/* Begin PBXTargetDependency section */
		B23315911FBDB4DA00FBFA95 /* PBXTargetDependency */ = {
			isa = PBXTargetDependency;
			target = B233157A1FBDB4DA00FBFA95 /* AmusementParkPassGenerator */;
			targetProxy = B23315901FBDB4DA00FBFA95 /* PBXContainerItemProxy */;
		};
		B233159C1FBDB4DA00FBFA95 /* PBXTargetDependency */ = {
			isa = PBXTargetDependency;
			target = B233157A1FBDB4DA00FBFA95 /* AmusementParkPassGenerator */;
			targetProxy = B233159B1FBDB4DA00FBFA95 /* PBXContainerItemProxy */;
		};
/* End PBXTargetDependency section */

/* Begin PBXVariantGroup section */
		B23315821FBDB4DA00FBFA95 /* Main.storyboard */ = {
			isa = PBXVariantGroup;
			children = (
				B23315831FBDB4DA00FBFA95 /* Base */,
			);
			name = Main.storyboard;
			sourceTree = "<group>";
		};
		B23315871FBDB4DA00FBFA95 /* LaunchScreen.storyboard */ = {
			isa = PBXVariantGroup;
			children = (
				B23315881FBDB4DA00FBFA95 /* Base */,
			);
			name = LaunchScreen.storyboard;
			sourceTree = "<group>";
		};
/* End PBXVariantGroup section */

/* Begin XCBuildConfiguration section */
		B23315A11FBDB4DA00FBFA95 /* Debug */ = {
			isa = XCBuildConfiguration;
			buildSettings = {
				ALWAYS_SEARCH_USER_PATHS = NO;
				CLANG_ANALYZER_NONNULL = YES;
				CLANG_ANALYZER_NUMBER_OBJECT_CONVERSION = YES_AGGRESSIVE;
				CLANG_CXX_LANGUAGE_STANDARD = "gnu++14";
				CLANG_CXX_LIBRARY = "libc++";
				CLANG_ENABLE_MODULES = YES;
				CLANG_ENABLE_OBJC_ARC = YES;
				CLANG_WARN_BLOCK_CAPTURE_AUTORELEASING = YES;
				CLANG_WARN_BOOL_CONVERSION = YES;
				CLANG_WARN_COMMA = YES;
				CLANG_WARN_CONSTANT_CONVERSION = YES;
				CLANG_WARN_DIRECT_OBJC_ISA_USAGE = YES_ERROR;
				CLANG_WARN_DOCUMENTATION_COMMENTS = YES;
				CLANG_WARN_EMPTY_BODY = YES;
				CLANG_WARN_ENUM_CONVERSION = YES;
				CLANG_WARN_INFINITE_RECURSION = YES;
				CLANG_WARN_INT_CONVERSION = YES;
				CLANG_WARN_NON_LITERAL_NULL_CONVERSION = YES;
				CLANG_WARN_OBJC_LITERAL_CONVERSION = YES;
				CLANG_WARN_OBJC_ROOT_CLASS = YES_ERROR;
				CLANG_WARN_RANGE_LOOP_ANALYSIS = YES;
				CLANG_WARN_STRICT_PROTOTYPES = YES;
				CLANG_WARN_SUSPICIOUS_MOVE = YES;
				CLANG_WARN_UNGUARDED_AVAILABILITY = YES_AGGRESSIVE;
				CLANG_WARN_UNREACHABLE_CODE = YES;
				CLANG_WARN__DUPLICATE_METHOD_MATCH = YES;
				CODE_SIGN_IDENTITY = "iPhone Developer";
				COPY_PHASE_STRIP = NO;
				DEBUG_INFORMATION_FORMAT = dwarf;
				ENABLE_STRICT_OBJC_MSGSEND = YES;
				ENABLE_TESTABILITY = YES;
				GCC_C_LANGUAGE_STANDARD = gnu11;
				GCC_DYNAMIC_NO_PIC = NO;
				GCC_NO_COMMON_BLOCKS = YES;
				GCC_OPTIMIZATION_LEVEL = 0;
				GCC_PREPROCESSOR_DEFINITIONS = (
					"DEBUG=1",
					"$(inherited)",
				);
				GCC_WARN_64_TO_32_BIT_CONVERSION = YES;
				GCC_WARN_ABOUT_RETURN_TYPE = YES_ERROR;
				GCC_WARN_UNDECLARED_SELECTOR = YES;
				GCC_WARN_UNINITIALIZED_AUTOS = YES_AGGRESSIVE;
				GCC_WARN_UNUSED_FUNCTION = YES;
				GCC_WARN_UNUSED_VARIABLE = YES;
				IPHONEOS_DEPLOYMENT_TARGET = 11.1;
				MTL_ENABLE_DEBUG_INFO = YES;
				ONLY_ACTIVE_ARCH = YES;
				SDKROOT = iphoneos;
				SWIFT_ACTIVE_COMPILATION_CONDITIONS = DEBUG;
				SWIFT_OPTIMIZATION_LEVEL = "-Onone";
			};
			name = Debug;
		};
		B23315A21FBDB4DA00FBFA95 /* Release */ = {
			isa = XCBuildConfiguration;
			buildSettings = {
				ALWAYS_SEARCH_USER_PATHS = NO;
				CLANG_ANALYZER_NONNULL = YES;
				CLANG_ANALYZER_NUMBER_OBJECT_CONVERSION = YES_AGGRESSIVE;
				CLANG_CXX_LANGUAGE_STANDARD = "gnu++14";
				CLANG_CXX_LIBRARY = "libc++";
				CLANG_ENABLE_MODULES = YES;
				CLANG_ENABLE_OBJC_ARC = YES;
				CLANG_WARN_BLOCK_CAPTURE_AUTORELEASING = YES;
				CLANG_WARN_BOOL_CONVERSION = YES;
				CLANG_WARN_COMMA = YES;
				CLANG_WARN_CONSTANT_CONVERSION = YES;
				CLANG_WARN_DIRECT_OBJC_ISA_USAGE = YES_ERROR;
				CLANG_WARN_DOCUMENTATION_COMMENTS = YES;
				CLANG_WARN_EMPTY_BODY = YES;
				CLANG_WARN_ENUM_CONVERSION = YES;
				CLANG_WARN_INFINITE_RECURSION = YES;
				CLANG_WARN_INT_CONVERSION = YES;
				CLANG_WARN_NON_LITERAL_NULL_CONVERSION = YES;
				CLANG_WARN_OBJC_LITERAL_CONVERSION = YES;
				CLANG_WARN_OBJC_ROOT_CLASS = YES_ERROR;
				CLANG_WARN_RANGE_LOOP_ANALYSIS = YES;
				CLANG_WARN_STRICT_PROTOTYPES = YES;
				CLANG_WARN_SUSPICIOUS_MOVE = YES;
				CLANG_WARN_UNGUARDED_AVAILABILITY = YES_AGGRESSIVE;
				CLANG_WARN_UNREACHABLE_CODE = YES;
				CLANG_WARN__DUPLICATE_METHOD_MATCH = YES;
				CODE_SIGN_IDENTITY = "iPhone Developer";
				COPY_PHASE_STRIP = NO;
				DEBUG_INFORMATION_FORMAT = "dwarf-with-dsym";
				ENABLE_NS_ASSERTIONS = NO;
				ENABLE_STRICT_OBJC_MSGSEND = YES;
				GCC_C_LANGUAGE_STANDARD = gnu11;
				GCC_NO_COMMON_BLOCKS = YES;
				GCC_WARN_64_TO_32_BIT_CONVERSION = YES;
				GCC_WARN_ABOUT_RETURN_TYPE = YES_ERROR;
				GCC_WARN_UNDECLARED_SELECTOR = YES;
				GCC_WARN_UNINITIALIZED_AUTOS = YES_AGGRESSIVE;
				GCC_WARN_UNUSED_FUNCTION = YES;
				GCC_WARN_UNUSED_VARIABLE = YES;
				IPHONEOS_DEPLOYMENT_TARGET = 11.1;
				MTL_ENABLE_DEBUG_INFO = NO;
				SDKROOT = iphoneos;
				SWIFT_OPTIMIZATION_LEVEL = "-Owholemodule";
				VALIDATE_PRODUCT = YES;
			};
			name = Release;
		};
		B23315A41FBDB4DA00FBFA95 /* Debug */ = {
			isa = XCBuildConfiguration;
			buildSettings = {
				ASSETCATALOG_COMPILER_APPICON_NAME = AppIcon;
				CODE_SIGN_STYLE = Automatic;
				DEVELOPMENT_TEAM = 7TZP8288QD;
				INFOPLIST_FILE = AmusementParkPassGenerator/Info.plist;
				LD_RUNPATH_SEARCH_PATHS = "$(inherited) @executable_path/Frameworks";
				PRODUCT_BUNDLE_IDENTIFIER = "Michael-Jones.AmusementParkPassGenerator";
				PRODUCT_NAME = "$(TARGET_NAME)";
				SWIFT_VERSION = 4.0;
				TARGETED_DEVICE_FAMILY = "1,2";
			};
			name = Debug;
		};
		B23315A51FBDB4DA00FBFA95 /* Release */ = {
			isa = XCBuildConfiguration;
			buildSettings = {
				ASSETCATALOG_COMPILER_APPICON_NAME = AppIcon;
				CODE_SIGN_STYLE = Automatic;
				DEVELOPMENT_TEAM = 7TZP8288QD;
				INFOPLIST_FILE = AmusementParkPassGenerator/Info.plist;
				LD_RUNPATH_SEARCH_PATHS = "$(inherited) @executable_path/Frameworks";
				PRODUCT_BUNDLE_IDENTIFIER = "Michael-Jones.AmusementParkPassGenerator";
				PRODUCT_NAME = "$(TARGET_NAME)";
				SWIFT_VERSION = 4.0;
				TARGETED_DEVICE_FAMILY = "1,2";
			};
			name = Release;
		};
		B23315A71FBDB4DA00FBFA95 /* Debug */ = {
			isa = XCBuildConfiguration;
			buildSettings = {
				ALWAYS_EMBED_SWIFT_STANDARD_LIBRARIES = YES;
				BUNDLE_LOADER = "$(TEST_HOST)";
				CODE_SIGN_STYLE = Automatic;
				INFOPLIST_FILE = AmusementParkPassGeneratorTests/Info.plist;
				LD_RUNPATH_SEARCH_PATHS = "$(inherited) @executable_path/Frameworks @loader_path/Frameworks";
				PRODUCT_BUNDLE_IDENTIFIER = "Michael-Jones.AmusementParkPassGeneratorTests";
				PRODUCT_NAME = "$(TARGET_NAME)";
				SWIFT_VERSION = 4.0;
				TARGETED_DEVICE_FAMILY = "1,2";
				TEST_HOST = "$(BUILT_PRODUCTS_DIR)/AmusementParkPassGenerator.app/AmusementParkPassGenerator";
			};
			name = Debug;
		};
		B23315A81FBDB4DA00FBFA95 /* Release */ = {
			isa = XCBuildConfiguration;
			buildSettings = {
				ALWAYS_EMBED_SWIFT_STANDARD_LIBRARIES = YES;
				BUNDLE_LOADER = "$(TEST_HOST)";
				CODE_SIGN_STYLE = Automatic;
				INFOPLIST_FILE = AmusementParkPassGeneratorTests/Info.plist;
				LD_RUNPATH_SEARCH_PATHS = "$(inherited) @executable_path/Frameworks @loader_path/Frameworks";
				PRODUCT_BUNDLE_IDENTIFIER = "Michael-Jones.AmusementParkPassGeneratorTests";
				PRODUCT_NAME = "$(TARGET_NAME)";
				SWIFT_VERSION = 4.0;
				TARGETED_DEVICE_FAMILY = "1,2";
				TEST_HOST = "$(BUILT_PRODUCTS_DIR)/AmusementParkPassGenerator.app/AmusementParkPassGenerator";
			};
			name = Release;
		};
		B23315AA1FBDB4DA00FBFA95 /* Debug */ = {
			isa = XCBuildConfiguration;
			buildSettings = {
				ALWAYS_EMBED_SWIFT_STANDARD_LIBRARIES = YES;
				CODE_SIGN_STYLE = Automatic;
				INFOPLIST_FILE = AmusementParkPassGeneratorUITests/Info.plist;
				LD_RUNPATH_SEARCH_PATHS = "$(inherited) @executable_path/Frameworks @loader_path/Frameworks";
				PRODUCT_BUNDLE_IDENTIFIER = "Michael-Jones.AmusementParkPassGeneratorUITests";
				PRODUCT_NAME = "$(TARGET_NAME)";
				SWIFT_VERSION = 4.0;
				TARGETED_DEVICE_FAMILY = "1,2";
				TEST_TARGET_NAME = AmusementParkPassGenerator;
			};
			name = Debug;
		};
		B23315AB1FBDB4DA00FBFA95 /* Release */ = {
			isa = XCBuildConfiguration;
			buildSettings = {
				ALWAYS_EMBED_SWIFT_STANDARD_LIBRARIES = YES;
				CODE_SIGN_STYLE = Automatic;
				INFOPLIST_FILE = AmusementParkPassGeneratorUITests/Info.plist;
				LD_RUNPATH_SEARCH_PATHS = "$(inherited) @executable_path/Frameworks @loader_path/Frameworks";
				PRODUCT_BUNDLE_IDENTIFIER = "Michael-Jones.AmusementParkPassGeneratorUITests";
				PRODUCT_NAME = "$(TARGET_NAME)";
				SWIFT_VERSION = 4.0;
				TARGETED_DEVICE_FAMILY = "1,2";
				TEST_TARGET_NAME = AmusementParkPassGenerator;
			};
			name = Release;
		};
/* End XCBuildConfiguration section */

/* Begin XCConfigurationList section */
		B23315761FBDB4DA00FBFA95 /* Build configuration list for PBXProject "AmusementParkPassGenerator" */ = {
			isa = XCConfigurationList;
			buildConfigurations = (
				B23315A11FBDB4DA00FBFA95 /* Debug */,
				B23315A21FBDB4DA00FBFA95 /* Release */,
			);
			defaultConfigurationIsVisible = 0;
			defaultConfigurationName = Release;
		};
		B23315A31FBDB4DA00FBFA95 /* Build configuration list for PBXNativeTarget "AmusementParkPassGenerator" */ = {
			isa = XCConfigurationList;
			buildConfigurations = (
				B23315A41FBDB4DA00FBFA95 /* Debug */,
				B23315A51FBDB4DA00FBFA95 /* Release */,
			);
			defaultConfigurationIsVisible = 0;
			defaultConfigurationName = Release;
		};
		B23315A61FBDB4DA00FBFA95 /* Build configuration list for PBXNativeTarget "AmusementParkPassGeneratorTests" */ = {
			isa = XCConfigurationList;
			buildConfigurations = (
				B23315A71FBDB4DA00FBFA95 /* Debug */,
				B23315A81FBDB4DA00FBFA95 /* Release */,
			);
			defaultConfigurationIsVisible = 0;
			defaultConfigurationName = Release;
		};
		B23315A91FBDB4DA00FBFA95 /* Build configuration list for PBXNativeTarget "AmusementParkPassGeneratorUITests" */ = {
			isa = XCConfigurationList;
			buildConfigurations = (
				B23315AA1FBDB4DA00FBFA95 /* Debug */,
				B23315AB1FBDB4DA00FBFA95 /* Release */,
			);
			defaultConfigurationIsVisible = 0;
			defaultConfigurationName = Release;
		};
/* End XCConfigurationList section */
	};
	rootObject = B23315731FBDB4DA00FBFA95 /* Project object */;
}
